// !$*UTF8*$!
{
	archiveVersion = 1;
	classes = {
	};
	objectVersion = 46;
	objects = {

/* Begin PBXBuildFile section */
		5D1ADF1719D908050012923C /* AppDelegate.swift in Sources */ = {isa = PBXBuildFile; fileRef = 5D1ADF1619D908050012923C /* AppDelegate.swift */; };
		5D1ADF1919D908050012923C /* ViewController.swift in Sources */ = {isa = PBXBuildFile; fileRef = 5D1ADF1819D908050012923C /* ViewController.swift */; };
		5D1ADF1C19D908050012923C /* Main.storyboard in Resources */ = {isa = PBXBuildFile; fileRef = 5D1ADF1A19D908050012923C /* Main.storyboard */; };
		5D1ADF1E19D908050012923C /* Images.xcassets in Resources */ = {isa = PBXBuildFile; fileRef = 5D1ADF1D19D908050012923C /* Images.xcassets */; };
		5D1ADF2119D908050012923C /* LaunchScreen.xib in Resources */ = {isa = PBXBuildFile; fileRef = 5D1ADF1F19D908050012923C /* LaunchScreen.xib */; };
		5D1ADF2D19D908050012923C /* lionsAndTigersTests.swift in Sources */ = {isa = PBXBuildFile; fileRef = 5D1ADF2C19D908050012923C /* lionsAndTigersTests.swift */; };
		5D1ADF3819D90DFA0012923C /* Tigers.swift in Sources */ = {isa = PBXBuildFile; fileRef = 5D1ADF3719D90DFA0012923C /* Tigers.swift */; };
		5D1ADF4219D918290012923C /* BengalTiger.jpg in Resources */ = {isa = PBXBuildFile; fileRef = 5D1ADF3A19D918290012923C /* BengalTiger.jpg */; };
		5D1ADF4319D918290012923C /* IndochineseTiger.jpg in Resources */ = {isa = PBXBuildFile; fileRef = 5D1ADF3B19D918290012923C /* IndochineseTiger.jpg */; };
		5D1ADF4419D918290012923C /* Lion.jpg in Resources */ = {isa = PBXBuildFile; fileRef = 5D1ADF3C19D918290012923C /* Lion.jpg */; };
		5D1ADF4519D918290012923C /* LionCub1.jpg in Resources */ = {isa = PBXBuildFile; fileRef = 5D1ADF3D19D918290012923C /* LionCub1.jpg */; };
		5D1ADF4619D918290012923C /* LionCub2.jpeg in Resources */ = {isa = PBXBuildFile; fileRef = 5D1ADF3E19D918290012923C /* LionCub2.jpeg */; };
		5D1ADF4719D918290012923C /* Lioness.jpeg in Resources */ = {isa = PBXBuildFile; fileRef = 5D1ADF3F19D918290012923C /* Lioness.jpeg */; };
		5D1ADF4819D918290012923C /* MalayanTiger.jpg in Resources */ = {isa = PBXBuildFile; fileRef = 5D1ADF4019D918290012923C /* MalayanTiger.jpg */; };
		5D1ADF4919D918290012923C /* SiberianTiger.jpg in Resources */ = {isa = PBXBuildFile; fileRef = 5D1ADF4119D918290012923C /* SiberianTiger.jpg */; };
/* End PBXBuildFile section */

/* Begin PBXContainerItemProxy section */
		5D1ADF2719D908050012923C /* PBXContainerItemProxy */ = {
			isa = PBXContainerItemProxy;
			containerPortal = 5D1ADF0919D908050012923C /* Project object */;
			proxyType = 1;
			remoteGlobalIDString = 5D1ADF1019D908050012923C;
			remoteInfo = lionsAndTigers;
		};
/* End PBXContainerItemProxy section */

/* Begin PBXFileReference section */
		5D1ADF1119D908050012923C /* lionsAndTigers.app */ = {isa = PBXFileReference; explicitFileType = wrapper.application; includeInIndex = 0; path = lionsAndTigers.app; sourceTree = BUILT_PRODUCTS_DIR; };
		5D1ADF1519D908050012923C /* Info.plist */ = {isa = PBXFileReference; lastKnownFileType = text.plist.xml; path = Info.plist; sourceTree = "<group>"; };
		5D1ADF1619D908050012923C /* AppDelegate.swift */ = {isa = PBXFileReference; lastKnownFileType = sourcecode.swift; path = AppDelegate.swift; sourceTree = "<group>"; };
		5D1ADF1819D908050012923C /* ViewController.swift */ = {isa = PBXFileReference; lastKnownFileType = sourcecode.swift; path = ViewController.swift; sourceTree = "<group>"; };
		5D1ADF1B19D908050012923C /* Base */ = {isa = PBXFileReference; lastKnownFileType = file.storyboard; name = Base; path = Base.lproj/Main.storyboard; sourceTree = "<group>"; };
		5D1ADF1D19D908050012923C /* Images.xcassets */ = {isa = PBXFileReference; lastKnownFileType = folder.assetcatalog; path = Images.xcassets; sourceTree = "<group>"; };
		5D1ADF2019D908050012923C /* Base */ = {isa = PBXFileReference; lastKnownFileType = file.xib; name = Base; path = Base.lproj/LaunchScreen.xib; sourceTree = "<group>"; };
		5D1ADF2619D908050012923C /* lionsAndTigersTests.xctest */ = {isa = PBXFileReference; explicitFileType = wrapper.cfbundle; includeInIndex = 0; path = lionsAndTigersTests.xctest; sourceTree = BUILT_PRODUCTS_DIR; };
		5D1ADF2B19D908050012923C /* Info.plist */ = {isa = PBXFileReference; lastKnownFileType = text.plist.xml; path = Info.plist; sourceTree = "<group>"; };
		5D1ADF2C19D908050012923C /* lionsAndTigersTests.swift */ = {isa = PBXFileReference; lastKnownFileType = sourcecode.swift; path = lionsAndTigersTests.swift; sourceTree = "<group>"; };
		5D1ADF3719D90DFA0012923C /* Tigers.swift */ = {isa = PBXFileReference; fileEncoding = 4; lastKnownFileType = sourcecode.swift; path = Tigers.swift; sourceTree = "<group>"; };
		5D1ADF3A19D918290012923C /* BengalTiger.jpg */ = {isa = PBXFileReference; lastKnownFileType = image.jpeg; path = BengalTiger.jpg; sourceTree = "<group>"; };
		5D1ADF3B19D918290012923C /* IndochineseTiger.jpg */ = {isa = PBXFileReference; lastKnownFileType = image.jpeg; path = IndochineseTiger.jpg; sourceTree = "<group>"; };
		5D1ADF3C19D918290012923C /* Lion.jpg */ = {isa = PBXFileReference; lastKnownFileType = image.jpeg; path = Lion.jpg; sourceTree = "<group>"; };
		5D1ADF3D19D918290012923C /* LionCub1.jpg */ = {isa = PBXFileReference; lastKnownFileType = image.jpeg; path = LionCub1.jpg; sourceTree = "<group>"; };
		5D1ADF3E19D918290012923C /* LionCub2.jpeg */ = {isa = PBXFileReference; lastKnownFileType = image.jpeg; path = LionCub2.jpeg; sourceTree = "<group>"; };
		5D1ADF3F19D918290012923C /* Lioness.jpeg */ = {isa = PBXFileReference; lastKnownFileType = image.jpeg; path = Lioness.jpeg; sourceTree = "<group>"; };
		5D1ADF4019D918290012923C /* MalayanTiger.jpg */ = {isa = PBXFileReference; lastKnownFileType = image.jpeg; path = MalayanTiger.jpg; sourceTree = "<group>"; };
		5D1ADF4119D918290012923C /* SiberianTiger.jpg */ = {isa = PBXFileReference; lastKnownFileType = image.jpeg; path = SiberianTiger.jpg; sourceTree = "<group>"; };
/* End PBXFileReference section */

/* Begin PBXFrameworksBuildPhase section */
		5D1ADF0E19D908050012923C /* Frameworks */ = {
			isa = PBXFrameworksBuildPhase;
			buildActionMask = 2147483647;
			files = (
			);
			runOnlyForDeploymentPostprocessing = 0;
		};
		5D1ADF2319D908050012923C /* Frameworks */ = {
			isa = PBXFrameworksBuildPhase;
			buildActionMask = 2147483647;
			files = (
			);
			runOnlyForDeploymentPostprocessing = 0;
		};
/* End PBXFrameworksBuildPhase section */

/* Begin PBXGroup section */
		5D1ADF0819D908050012923C = {
			isa = PBXGroup;
			children = (
				5D1ADF1319D908050012923C /* lionsAndTigers */,
				5D1ADF2919D908050012923C /* lionsAndTigersTests */,
				5D1ADF1219D908050012923C /* Products */,
			);
			sourceTree = "<group>";
		};
		5D1ADF1219D908050012923C /* Products */ = {
			isa = PBXGroup;
			children = (
				5D1ADF1119D908050012923C /* lionsAndTigers.app */,
				5D1ADF2619D908050012923C /* lionsAndTigersTests.xctest */,
			);
			name = Products;
			sourceTree = "<group>";
		};
		5D1ADF1319D908050012923C /* lionsAndTigers */ = {
			isa = PBXGroup;
			children = (
				5D1ADF1619D908050012923C /* AppDelegate.swift */,
				5D1ADF1819D908050012923C /* ViewController.swift */,
				5D1ADF3619D90DBD0012923C /* Models */,
				5D1ADF1A19D908050012923C /* Main.storyboard */,
				5D1ADF1D19D908050012923C /* Images.xcassets */,
				5D1ADF1F19D908050012923C /* LaunchScreen.xib */,
				5D1ADF1419D908050012923C /* Supporting Files */,
			);
			path = lionsAndTigers;
			sourceTree = "<group>";
		};
		5D1ADF1419D908050012923C /* Supporting Files */ = {
			isa = PBXGroup;
			children = (
				5D1ADF3919D918290012923C /* LionsAndTigersAssets */,
				5D1ADF1519D908050012923C /* Info.plist */,
			);
			name = "Supporting Files";
			sourceTree = "<group>";
		};
		5D1ADF2919D908050012923C /* lionsAndTigersTests */ = {
			isa = PBXGroup;
			children = (
				5D1ADF2C19D908050012923C /* lionsAndTigersTests.swift */,
				5D1ADF2A19D908050012923C /* Supporting Files */,
			);
			path = lionsAndTigersTests;
			sourceTree = "<group>";
		};
		5D1ADF2A19D908050012923C /* Supporting Files */ = {
			isa = PBXGroup;
			children = (
				5D1ADF2B19D908050012923C /* Info.plist */,
			);
			name = "Supporting Files";
			sourceTree = "<group>";
		};
		5D1ADF3619D90DBD0012923C /* Models */ = {
			isa = PBXGroup;
			children = (
				5D1ADF3719D90DFA0012923C /* Tigers.swift */,
			);
			name = Models;
			sourceTree = "<group>";
		};
		5D1ADF3919D918290012923C /* LionsAndTigersAssets */ = {
			isa = PBXGroup;
			children = (
				5D1ADF3A19D918290012923C /* BengalTiger.jpg */,
				5D1ADF3B19D918290012923C /* IndochineseTiger.jpg */,
				5D1ADF3C19D918290012923C /* Lion.jpg */,
				5D1ADF3D19D918290012923C /* LionCub1.jpg */,
				5D1ADF3E19D918290012923C /* LionCub2.jpeg */,
				5D1ADF3F19D918290012923C /* Lioness.jpeg */,
				5D1ADF4019D918290012923C /* MalayanTiger.jpg */,
				5D1ADF4119D918290012923C /* SiberianTiger.jpg */,
			);
			path = LionsAndTigersAssets;
			sourceTree = "<group>";
		};
/* End PBXGroup section */

/* Begin PBXNativeTarget section */
		5D1ADF1019D908050012923C /* lionsAndTigers */ = {
			isa = PBXNativeTarget;
			buildConfigurationList = 5D1ADF3019D908050012923C /* Build configuration list for PBXNativeTarget "lionsAndTigers" */;
			buildPhases = (
				5D1ADF0D19D908050012923C /* Sources */,
				5D1ADF0E19D908050012923C /* Frameworks */,
				5D1ADF0F19D908050012923C /* Resources */,
			);
			buildRules = (
			);
			dependencies = (
			);
			name = lionsAndTigers;
			productName = lionsAndTigers;
			productReference = 5D1ADF1119D908050012923C /* lionsAndTigers.app */;
			productType = "com.apple.product-type.application";
		};
		5D1ADF2519D908050012923C /* lionsAndTigersTests */ = {
			isa = PBXNativeTarget;
			buildConfigurationList = 5D1ADF3319D908050012923C /* Build configuration list for PBXNativeTarget "lionsAndTigersTests" */;
			buildPhases = (
				5D1ADF2219D908050012923C /* Sources */,
				5D1ADF2319D908050012923C /* Frameworks */,
				5D1ADF2419D908050012923C /* Resources */,
			);
			buildRules = (
			);
			dependencies = (
				5D1ADF2819D908050012923C /* PBXTargetDependency */,
			);
			name = lionsAndTigersTests;
			productName = lionsAndTigersTests;
			productReference = 5D1ADF2619D908050012923C /* lionsAndTigersTests.xctest */;
			productType = "com.apple.product-type.bundle.unit-test";
		};
/* End PBXNativeTarget section */

/* Begin PBXProject section */
		5D1ADF0919D908050012923C /* Project object */ = {
			isa = PBXProject;
			attributes = {
				LastUpgradeCheck = 0600;
				ORGANIZATIONNAME = ankurchdry;
				TargetAttributes = {
					5D1ADF1019D908050012923C = {
						CreatedOnToolsVersion = 6.0;
					};
					5D1ADF2519D908050012923C = {
						CreatedOnToolsVersion = 6.0;
						TestTargetID = 5D1ADF1019D908050012923C;
					};
				};
			};
			buildConfigurationList = 5D1ADF0C19D908050012923C /* Build configuration list for PBXProject "lionsAndTigers" */;
			compatibilityVersion = "Xcode 3.2";
			developmentRegion = English;
			hasScannedForEncodings = 0;
			knownRegions = (
				en,
				Base,
			);
			mainGroup = 5D1ADF0819D908050012923C;
			productRefGroup = 5D1ADF1219D908050012923C /* Products */;
			projectDirPath = "";
			projectRoot = "";
			targets = (
				5D1ADF1019D908050012923C /* lionsAndTigers */,
				5D1ADF2519D908050012923C /* lionsAndTigersTests */,
			);
		};
/* End PBXProject section */

/* Begin PBXResourcesBuildPhase section */
		5D1ADF0F19D908050012923C /* Resources */ = {
			isa = PBXResourcesBuildPhase;
			buildActionMask = 2147483647;
			files = (
				5D1ADF4319D918290012923C /* IndochineseTiger.jpg in Resources */,
				5D1ADF1C19D908050012923C /* Main.storyboard in Resources */,
				5D1ADF2119D908050012923C /* LaunchScreen.xib in Resources */,
				5D1ADF4719D918290012923C /* Lioness.jpeg in Resources */,
				5D1ADF4519D918290012923C /* LionCub1.jpg in Resources */,
				5D1ADF4819D918290012923C /* MalayanTiger.jpg in Resources */,
				5D1ADF4919D918290012923C /* SiberianTiger.jpg in Resources */,
				5D1ADF4219D918290012923C /* BengalTiger.jpg in Resources */,
				5D1ADF1E19D908050012923C /* Images.xcassets in Resources */,
				5D1ADF4419D918290012923C /* Lion.jpg in Resources */,
				5D1ADF4619D918290012923C /* LionCub2.jpeg in Resources */,
			);
			runOnlyForDeploymentPostprocessing = 0;
		};
		5D1ADF2419D908050012923C /* Resources */ = {
			isa = PBXResourcesBuildPhase;
			buildActionMask = 2147483647;
			files = (
			);
			runOnlyForDeploymentPostprocessing = 0;
		};
/* End PBXResourcesBuildPhase section */

/* Begin PBXSourcesBuildPhase section */
		5D1ADF0D19D908050012923C /* Sources */ = {
			isa = PBXSourcesBuildPhase;
			buildActionMask = 2147483647;
			files = (
				5D1ADF1919D908050012923C /* ViewController.swift in Sources */,
				5D1ADF3819D90DFA0012923C /* Tigers.swift in Sources */,
				5D1ADF1719D908050012923C /* AppDelegate.swift in Sources */,
			);
			runOnlyForDeploymentPostprocessing = 0;
		};
		5D1ADF2219D908050012923C /* Sources */ = {
			isa = PBXSourcesBuildPhase;
			buildActionMask = 2147483647;
			files = (
				5D1ADF2D19D908050012923C /* lionsAndTigersTests.swift in Sources */,
			);
			runOnlyForDeploymentPostprocessing = 0;
		};
/* End PBXSourcesBuildPhase section */

/* Begin PBXTargetDependency section */
		5D1ADF2819D908050012923C /* PBXTargetDependency */ = {
			isa = PBXTargetDependency;
			target = 5D1ADF1019D908050012923C /* lionsAndTigers */;
			targetProxy = 5D1ADF2719D908050012923C /* PBXContainerItemProxy */;
		};
/* End PBXTargetDependency section */

/* Begin PBXVariantGroup section */
		5D1ADF1A19D908050012923C /* Main.storyboard */ = {
			isa = PBXVariantGroup;
			children = (
				5D1ADF1B19D908050012923C /* Base */,
			);
			name = Main.storyboard;
			sourceTree = "<group>";
		};
		5D1ADF1F19D908050012923C /* LaunchScreen.xib */ = {
			isa = PBXVariantGroup;
			children = (
				5D1ADF2019D908050012923C /* Base */,
			);
			name = LaunchScreen.xib;
			sourceTree = "<group>";
		};
/* End PBXVariantGroup section */

/* Begin XCBuildConfiguration section */
		5D1ADF2E19D908050012923C /* Debug */ = {
			isa = XCBuildConfiguration;
			buildSettings = {
				ALWAYS_SEARCH_USER_PATHS = NO;
				CLANG_CXX_LANGUAGE_STANDARD = "gnu++0x";
				CLANG_CXX_LIBRARY = "libc++";
				CLANG_ENABLE_MODULES = YES;
				CLANG_ENABLE_OBJC_ARC = YES;
				CLANG_WARN_BOOL_CONVERSION = YES;
				CLANG_WARN_CONSTANT_CONVERSION = YES;
				CLANG_WARN_DIRECT_OBJC_ISA_USAGE = YES_ERROR;
				CLANG_WARN_EMPTY_BODY = YES;
				CLANG_WARN_ENUM_CONVERSION = YES;
				CLANG_WARN_INT_CONVERSION = YES;
				CLANG_WARN_OBJC_ROOT_CLASS = YES_ERROR;
				CLANG_WARN_UNREACHABLE_CODE = YES;
				CLANG_WARN__DUPLICATE_METHOD_MATCH = YES;
				"CODE_SIGN_IDENTITY[sdk=iphoneos*]" = "iPhone Developer";
				COPY_PHASE_STRIP = NO;
				ENABLE_STRICT_OBJC_MSGSEND = YES;
				GCC_C_LANGUAGE_STANDARD = gnu99;
				GCC_DYNAMIC_NO_PIC = NO;
				GCC_OPTIMIZATION_LEVEL = 0;
				GCC_PREPROCESSOR_DEFINITIONS = (
					"DEBUG=1",
					"$(inherited)",
				);
				GCC_SYMBOLS_PRIVATE_EXTERN = NO;
				GCC_WARN_64_TO_32_BIT_CONVERSION = YES;
				GCC_WARN_ABOUT_RETURN_TYPE = YES_ERROR;
				GCC_WARN_UNDECLARED_SELECTOR = YES;
				GCC_WARN_UNINITIALIZED_AUTOS = YES_AGGRESSIVE;
				GCC_WARN_UNUSED_FUNCTION = YES;
				GCC_WARN_UNUSED_VARIABLE = YES;
				IPHONEOS_DEPLOYMENT_TARGET = 8.0;
				MTL_ENABLE_DEBUG_INFO = YES;
				ONLY_ACTIVE_ARCH = YES;
				SDKROOT = iphoneos;
				SWIFT_OPTIMIZATION_LEVEL = "-Onone";
			};
			name = Debug;
		};
		5D1ADF2F19D908050012923C /* Release */ = {
			isa = XCBuildConfiguration;
			buildSettings = {
				ALWAYS_SEARCH_USER_PATHS = NO;
				CLANG_CXX_LANGUAGE_STANDARD = "gnu++0x";
				CLANG_CXX_LIBRARY = "libc++";
				CLANG_ENABLE_MODULES = YES;
				CLANG_ENABLE_OBJC_ARC = YES;
				CLANG_WARN_BOOL_CONVERSION = YES;
				CLANG_WARN_CONSTANT_CONVERSION = YES;
				CLANG_WARN_DIRECT_OBJC_ISA_USAGE = YES_ERROR;
				CLANG_WARN_EMPTY_BODY = YES;
				CLANG_WARN_ENUM_CONVERSION = YES;
				CLANG_WARN_INT_CONVERSION = YES;
				CLANG_WARN_OBJC_ROOT_CLASS = YES_ERROR;
				CLANG_WARN_UNREACHABLE_CODE = YES;
				CLANG_WARN__DUPLICATE_METHOD_MATCH = YES;
				"CODE_SIGN_IDENTITY[sdk=iphoneos*]" = "iPhone Developer";
				COPY_PHASE_STRIP = YES;
				ENABLE_NS_ASSERTIONS = NO;
				ENABLE_STRICT_OBJC_MSGSEND = YES;
				GCC_C_LANGUAGE_STANDARD = gnu99;
				GCC_WARN_64_TO_32_BIT_CONVERSION = YES;
				GCC_WARN_ABOUT_RETURN_TYPE = YES_ERROR;
				GCC_WARN_UNDECLARED_SELECTOR = YES;
				GCC_WARN_UNINITIALIZED_AUTOS = YES_AGGRESSIVE;
				GCC_WARN_UNUSED_FUNCTION = YES;
				GCC_WARN_UNUSED_VARIABLE = YES;
				IPHONEOS_DEPLOYMENT_TARGET = 8.0;
				MTL_ENABLE_DEBUG_INFO = NO;
				SDKROOT = iphoneos;
				VALIDATE_PRODUCT = YES;
			};
			name = Release;
		};
		5D1ADF3119D908050012923C /* Debug */ = {
			isa = XCBuildConfiguration;
			buildSettings = {
				ASSETCATALOG_COMPILER_APPICON_NAME = AppIcon;
				INFOPLIST_FILE = lionsAndTigers/Info.plist;
				LD_RUNPATH_SEARCH_PATHS = "$(inherited) @executable_path/Frameworks";
				PRODUCT_NAME = "$(TARGET_NAME)";
			};
			name = Debug;
		};
		5D1ADF3219D908050012923C /* Release */ = {
			isa = XCBuildConfiguration;
			buildSettings = {
				ASSETCATALOG_COMPILER_APPICON_NAME = AppIcon;
				INFOPLIST_FILE = lionsAndTigers/Info.plist;
				LD_RUNPATH_SEARCH_PATHS = "$(inherited) @executable_path/Frameworks";
				PRODUCT_NAME = "$(TARGET_NAME)";
			};
			name = Release;
		};
		5D1ADF3419D908050012923C /* Debug */ = {
			isa = XCBuildConfiguration;
			buildSettings = {
				BUNDLE_LOADER = "$(TEST_HOST)";
				FRAMEWORK_SEARCH_PATHS = (
					"$(SDKROOT)/Developer/Library/Frameworks",
					"$(inherited)",
				);
				GCC_PREPROCESSOR_DEFINITIONS = (
					"DEBUG=1",
					"$(inherited)",
				);
				INFOPLIST_FILE = lionsAndTigersTests/Info.plist;
				LD_RUNPATH_SEARCH_PATHS = "$(inherited) @executable_path/Frameworks @loader_path/Frameworks";
				PRODUCT_NAME = "$(TARGET_NAME)";
				TEST_HOST = "$(BUILT_PRODUCTS_DIR)/lionsAndTigers.app/lionsAndTigers";
			};
			name = Debug;
		};
		5D1ADF3519D908050012923C /* Release */ = {
			isa = XCBuildConfiguration;
			buildSettings = {
				BUNDLE_LOADER = "$(TEST_HOST)";
				FRAMEWORK_SEARCH_PATHS = (
					"$(SDKROOT)/Developer/Library/Frameworks",
					"$(inherited)",
				);
				INFOPLIST_FILE = lionsAndTigersTests/Info.plist;
				LD_RUNPATH_SEARCH_PATHS = "$(inherited) @executable_path/Frameworks @loader_path/Frameworks";
				PRODUCT_NAME = "$(TARGET_NAME)";
				TEST_HOST = "$(BUILT_PRODUCTS_DIR)/lionsAndTigers.app/lionsAndTigers";
			};
			name = Release;
		};
/* End XCBuildConfiguration section */

/* Begin XCConfigurationList section */
		5D1ADF0C19D908050012923C /* Build configuration list for PBXProject "lionsAndTigers" */ = {
			isa = XCConfigurationList;
			buildConfigurations = (
				5D1ADF2E19D908050012923C /* Debug */,
				5D1ADF2F19D908050012923C /* Release */,
			);
			defaultConfigurationIsVisible = 0;
			defaultConfigurationName = Release;
		};
		5D1ADF3019D908050012923C /* Build configuration list for PBXNativeTarget "lionsAndTigers" */ = {
			isa = XCConfigurationList;
			buildConfigurations = (
				5D1ADF3119D908050012923C /* Debug */,
				5D1ADF3219D908050012923C /* Release */,
			);
			defaultConfigurationIsVisible = 0;
		};
		5D1ADF3319D908050012923C /* Build configuration list for PBXNativeTarget "lionsAndTigersTests" */ = {
			isa = XCConfigurationList;
			buildConfigurations = (
				5D1ADF3419D908050012923C /* Debug */,
				5D1ADF3519D908050012923C /* Release */,
			);
			defaultConfigurationIsVisible = 0;
		};
/* End XCConfigurationList section */
	};
	rootObject = 5D1ADF0919D908050012923C /* Project object */;
}
